// !$*UTF8*$!
{
	archiveVersion = 1;
	classes = {
	};
	objectVersion = 46;
	objects = {

/* Begin PBXBuildFile section */
		DE2B2DDD1AF87BF0009ADD55 /* Bolts.framework in Frameworks */ = {isa = PBXBuildFile; fileRef = DE2B2DD71AF87BF0009ADD55 /* Bolts.framework */; };
		DE2B2DDE1AF87BF0009ADD55 /* Parse.framework in Frameworks */ = {isa = PBXBuildFile; fileRef = DE2B2DD81AF87BF0009ADD55 /* Parse.framework */; };
		DE2B2DDF1AF87BF0009ADD55 /* ParseCrashReporting.framework in Frameworks */ = {isa = PBXBuildFile; fileRef = DE2B2DD91AF87BF0009ADD55 /* ParseCrashReporting.framework */; };
		DE2B2DE21AF87BF0009ADD55 /* ParseUI.framework in Frameworks */ = {isa = PBXBuildFile; fileRef = DE2B2DDC1AF87BF0009ADD55 /* ParseUI.framework */; };
		DE2B2DE51AF87D18009ADD55 /* AudioToolbox.framework in Frameworks */ = {isa = PBXBuildFile; fileRef = DE2B2DE41AF87D18009ADD55 /* AudioToolbox.framework */; };
		DE2B2DE71AF87D22009ADD55 /* CFNetwork.framework in Frameworks */ = {isa = PBXBuildFile; fileRef = DE2B2DE61AF87D22009ADD55 /* CFNetwork.framework */; };
		DE2B2DE91AF87D2B009ADD55 /* CoreGraphics.framework in Frameworks */ = {isa = PBXBuildFile; fileRef = DE2B2DE81AF87D2B009ADD55 /* CoreGraphics.framework */; };
		DE2B2DEB1AF87D35009ADD55 /* CoreLocation.framework in Frameworks */ = {isa = PBXBuildFile; fileRef = DE2B2DEA1AF87D35009ADD55 /* CoreLocation.framework */; };
		DE2B2DED1AF87D41009ADD55 /* MobileCoreServices.framework in Frameworks */ = {isa = PBXBuildFile; fileRef = DE2B2DEC1AF87D41009ADD55 /* MobileCoreServices.framework */; };
		DE2B2DEF1AF87D4B009ADD55 /* QuartzCore.framework in Frameworks */ = {isa = PBXBuildFile; fileRef = DE2B2DEE1AF87D4B009ADD55 /* QuartzCore.framework */; };
		DE2B2DF11AF87D6A009ADD55 /* Security.framework in Frameworks */ = {isa = PBXBuildFile; fileRef = DE2B2DF01AF87D6A009ADD55 /* Security.framework */; };
		DE2B2DF31AF87D7D009ADD55 /* StoreKit.framework in Frameworks */ = {isa = PBXBuildFile; fileRef = DE2B2DF21AF87D7D009ADD55 /* StoreKit.framework */; };
		DE2B2DF51AF87D89009ADD55 /* SystemConfiguration.framework in Frameworks */ = {isa = PBXBuildFile; fileRef = DE2B2DF41AF87D89009ADD55 /* SystemConfiguration.framework */; };
		DE2B2DF71AF87D95009ADD55 /* libz.dylib in Frameworks */ = {isa = PBXBuildFile; fileRef = DE2B2DF61AF87D95009ADD55 /* libz.dylib */; };
		DE2B2DF91AF87DA5009ADD55 /* libsqlite3.dylib in Frameworks */ = {isa = PBXBuildFile; fileRef = DE2B2DF81AF87DA5009ADD55 /* libsqlite3.dylib */; };
		DE2B2DFC1AF88AA1009ADD55 /* WatchlistCell.swift in Sources */ = {isa = PBXBuildFile; fileRef = DE2B2DFB1AF88AA1009ADD55 /* WatchlistCell.swift */; };
		DE3360911B145C4200909870 /* WatchlistCell.swift in Sources */ = {isa = PBXBuildFile; fileRef = DE2B2DFB1AF88AA1009ADD55 /* WatchlistCell.swift */; };
		DE3360921B145C4A00909870 /* ParseUI.framework in Frameworks */ = {isa = PBXBuildFile; fileRef = DE2B2DDC1AF87BF0009ADD55 /* ParseUI.framework */; };
		DE3360931B145C5000909870 /* Bolts.framework in Frameworks */ = {isa = PBXBuildFile; fileRef = DE2B2DD71AF87BF0009ADD55 /* Bolts.framework */; };
		DE3360941B145C5600909870 /* Parse.framework in Frameworks */ = {isa = PBXBuildFile; fileRef = DE2B2DD81AF87BF0009ADD55 /* Parse.framework */; };
		DE5158081AF83647000404A1 /* AppDelegate.swift in Sources */ = {isa = PBXBuildFile; fileRef = DE5158071AF83647000404A1 /* AppDelegate.swift */; };
		DE51580A1AF83647000404A1 /* WatchlistVC.swift in Sources */ = {isa = PBXBuildFile; fileRef = DE5158091AF83647000404A1 /* WatchlistVC.swift */; };
		DE51580F1AF83647000404A1 /* Images.xcassets in Resources */ = {isa = PBXBuildFile; fileRef = DE51580E1AF83647000404A1 /* Images.xcassets */; };
		DE5158121AF83647000404A1 /* LaunchScreen.xib in Resources */ = {isa = PBXBuildFile; fileRef = DE5158101AF83647000404A1 /* LaunchScreen.xib */; };
		DE51581E1AF83647000404A1 /* MonsoonTests.swift in Sources */ = {isa = PBXBuildFile; fileRef = DE51581D1AF83647000404A1 /* MonsoonTests.swift */; };
		DE5221E11B05E51D003A7BC6 /* Main.storyboard in Resources */ = {isa = PBXBuildFile; fileRef = DE5221DF1B05E51D003A7BC6 /* Main.storyboard */; };
		DE92F6241B0F11ED00D1DDD8 /* NoShowsFoundView.swift in Sources */ = {isa = PBXBuildFile; fileRef = DE92F6231B0F11ED00D1DDD8 /* NoShowsFoundView.swift */; };
		DE92F6261B0F121000D1DDD8 /* NoShowsFoundView.xib in Resources */ = {isa = PBXBuildFile; fileRef = DE92F6251B0F121000D1DDD8 /* NoShowsFoundView.xib */; };
		DE99858B1B032B7A0012FA6A /* AllShowsCVC.swift in Sources */ = {isa = PBXBuildFile; fileRef = DE99858A1B032B7A0012FA6A /* AllShowsCVC.swift */; };
		DE99858D1B032C840012FA6A /* TvShowCell.swift in Sources */ = {isa = PBXBuildFile; fileRef = DE99858C1B032C840012FA6A /* TvShowCell.swift */; };
		DE9BC4CA1B142E7900FB4F35 /* NotificationCenter.framework in Frameworks */ = {isa = PBXBuildFile; fileRef = DE9BC4C91B142E7900FB4F35 /* NotificationCenter.framework */; };
		DE9BC4CF1B142E7900FB4F35 /* WatchlistTVC.swift in Sources */ = {isa = PBXBuildFile; fileRef = DE9BC4CE1B142E7900FB4F35 /* WatchlistTVC.swift */; };
		DE9BC4D11B142E7900FB4F35 /* MainInterface.storyboard in Resources */ = {isa = PBXBuildFile; fileRef = DE9BC4D01B142E7900FB4F35 /* MainInterface.storyboard */; };
		DE9BC4D41B142E7900FB4F35 /* Monsoon Widget.appex in Embed App Extensions */ = {isa = PBXBuildFile; fileRef = DE9BC4C81B142E7900FB4F35 /* Monsoon Widget.appex */; settings = {ATTRIBUTES = (RemoveHeadersOnCopy, ); }; };
		DEBFE78C1B076DAE00B74EAC /* Helper.swift in Sources */ = {isa = PBXBuildFile; fileRef = DEBFE78B1B076DAE00B74EAC /* Helper.swift */; };
		DEFCB6A71B0B1EC600018B82 /* SearchBarCell.swift in Sources */ = {isa = PBXBuildFile; fileRef = DEFCB6A61B0B1EC600018B82 /* SearchBarCell.swift */; };
/* End PBXBuildFile section */

/* Begin PBXContainerItemProxy section */
		DE5158181AF83647000404A1 /* PBXContainerItemProxy */ = {
			isa = PBXContainerItemProxy;
			containerPortal = DE5157FA1AF83647000404A1 /* Project object */;
			proxyType = 1;
			remoteGlobalIDString = DE5158011AF83647000404A1;
			remoteInfo = Monsoon;
		};
		DE9BC4D21B142E7900FB4F35 /* PBXContainerItemProxy */ = {
			isa = PBXContainerItemProxy;
			containerPortal = DE5157FA1AF83647000404A1 /* Project object */;
			proxyType = 1;
			remoteGlobalIDString = DE9BC4C71B142E7900FB4F35;
			remoteInfo = "Monsoon Widget";
		};
/* End PBXContainerItemProxy section */

/* Begin PBXCopyFilesBuildPhase section */
		DE9BC4D81B142E7900FB4F35 /* Embed App Extensions */ = {
			isa = PBXCopyFilesBuildPhase;
			buildActionMask = 2147483647;
			dstPath = "";
			dstSubfolderSpec = 13;
			files = (
				DE9BC4D41B142E7900FB4F35 /* Monsoon Widget.appex in Embed App Extensions */,
			);
			name = "Embed App Extensions";
			runOnlyForDeploymentPostprocessing = 0;
		};
/* End PBXCopyFilesBuildPhase section */

/* Begin PBXFileReference section */
		DE2B2DD71AF87BF0009ADD55 /* Bolts.framework */ = {isa = PBXFileReference; lastKnownFileType = wrapper.framework; path = Bolts.framework; sourceTree = "<group>"; };
		DE2B2DD81AF87BF0009ADD55 /* Parse.framework */ = {isa = PBXFileReference; lastKnownFileType = wrapper.framework; path = Parse.framework; sourceTree = "<group>"; };
		DE2B2DD91AF87BF0009ADD55 /* ParseCrashReporting.framework */ = {isa = PBXFileReference; lastKnownFileType = wrapper.framework; path = ParseCrashReporting.framework; sourceTree = "<group>"; };
		DE2B2DDC1AF87BF0009ADD55 /* ParseUI.framework */ = {isa = PBXFileReference; lastKnownFileType = wrapper.framework; path = ParseUI.framework; sourceTree = "<group>"; };
		DE2B2DE41AF87D18009ADD55 /* AudioToolbox.framework */ = {isa = PBXFileReference; lastKnownFileType = wrapper.framework; name = AudioToolbox.framework; path = System/Library/Frameworks/AudioToolbox.framework; sourceTree = SDKROOT; };
		DE2B2DE61AF87D22009ADD55 /* CFNetwork.framework */ = {isa = PBXFileReference; lastKnownFileType = wrapper.framework; name = CFNetwork.framework; path = System/Library/Frameworks/CFNetwork.framework; sourceTree = SDKROOT; };
		DE2B2DE81AF87D2B009ADD55 /* CoreGraphics.framework */ = {isa = PBXFileReference; lastKnownFileType = wrapper.framework; name = CoreGraphics.framework; path = System/Library/Frameworks/CoreGraphics.framework; sourceTree = SDKROOT; };
		DE2B2DEA1AF87D35009ADD55 /* CoreLocation.framework */ = {isa = PBXFileReference; lastKnownFileType = wrapper.framework; name = CoreLocation.framework; path = System/Library/Frameworks/CoreLocation.framework; sourceTree = SDKROOT; };
		DE2B2DEC1AF87D41009ADD55 /* MobileCoreServices.framework */ = {isa = PBXFileReference; lastKnownFileType = wrapper.framework; name = MobileCoreServices.framework; path = System/Library/Frameworks/MobileCoreServices.framework; sourceTree = SDKROOT; };
		DE2B2DEE1AF87D4B009ADD55 /* QuartzCore.framework */ = {isa = PBXFileReference; lastKnownFileType = wrapper.framework; name = QuartzCore.framework; path = System/Library/Frameworks/QuartzCore.framework; sourceTree = SDKROOT; };
		DE2B2DF01AF87D6A009ADD55 /* Security.framework */ = {isa = PBXFileReference; lastKnownFileType = wrapper.framework; name = Security.framework; path = System/Library/Frameworks/Security.framework; sourceTree = SDKROOT; };
		DE2B2DF21AF87D7D009ADD55 /* StoreKit.framework */ = {isa = PBXFileReference; lastKnownFileType = wrapper.framework; name = StoreKit.framework; path = System/Library/Frameworks/StoreKit.framework; sourceTree = SDKROOT; };
		DE2B2DF41AF87D89009ADD55 /* SystemConfiguration.framework */ = {isa = PBXFileReference; lastKnownFileType = wrapper.framework; name = SystemConfiguration.framework; path = System/Library/Frameworks/SystemConfiguration.framework; sourceTree = SDKROOT; };
		DE2B2DF61AF87D95009ADD55 /* libz.dylib */ = {isa = PBXFileReference; lastKnownFileType = "compiled.mach-o.dylib"; name = libz.dylib; path = usr/lib/libz.dylib; sourceTree = SDKROOT; };
		DE2B2DF81AF87DA5009ADD55 /* libsqlite3.dylib */ = {isa = PBXFileReference; lastKnownFileType = "compiled.mach-o.dylib"; name = libsqlite3.dylib; path = usr/lib/libsqlite3.dylib; sourceTree = SDKROOT; };
		DE2B2DFA1AF8817B009ADD55 /* Monsoon.entitlements */ = {isa = PBXFileReference; lastKnownFileType = text.xml; path = Monsoon.entitlements; sourceTree = "<group>"; };
		DE2B2DFB1AF88AA1009ADD55 /* WatchlistCell.swift */ = {isa = PBXFileReference; fileEncoding = 4; lastKnownFileType = sourcecode.swift; path = WatchlistCell.swift; sourceTree = "<group>"; };
		DE5158021AF83647000404A1 /* Monsoon.app */ = {isa = PBXFileReference; explicitFileType = wrapper.application; includeInIndex = 0; path = Monsoon.app; sourceTree = BUILT_PRODUCTS_DIR; };
		DE5158061AF83647000404A1 /* Info.plist */ = {isa = PBXFileReference; lastKnownFileType = text.plist.xml; path = Info.plist; sourceTree = "<group>"; };
		DE5158071AF83647000404A1 /* AppDelegate.swift */ = {isa = PBXFileReference; lastKnownFileType = sourcecode.swift; path = AppDelegate.swift; sourceTree = "<group>"; };
		DE5158091AF83647000404A1 /* WatchlistVC.swift */ = {isa = PBXFileReference; lastKnownFileType = sourcecode.swift; path = WatchlistVC.swift; sourceTree = "<group>"; };
		DE51580E1AF83647000404A1 /* Images.xcassets */ = {isa = PBXFileReference; lastKnownFileType = folder.assetcatalog; path = Images.xcassets; sourceTree = "<group>"; };
		DE5158111AF83647000404A1 /* Base */ = {isa = PBXFileReference; lastKnownFileType = file.xib; name = Base; path = Base.lproj/LaunchScreen.xib; sourceTree = "<group>"; };
		DE5158171AF83647000404A1 /* MonsoonTests.xctest */ = {isa = PBXFileReference; explicitFileType = wrapper.cfbundle; includeInIndex = 0; path = MonsoonTests.xctest; sourceTree = BUILT_PRODUCTS_DIR; };
		DE51581C1AF83647000404A1 /* Info.plist */ = {isa = PBXFileReference; lastKnownFileType = text.plist.xml; path = Info.plist; sourceTree = "<group>"; };
		DE51581D1AF83647000404A1 /* MonsoonTests.swift */ = {isa = PBXFileReference; lastKnownFileType = sourcecode.swift; path = MonsoonTests.swift; sourceTree = "<group>"; };
		DE5221E01B05E51D003A7BC6 /* Base */ = {isa = PBXFileReference; lastKnownFileType = file.storyboard; name = Base; path = Monsoon/Base.lproj/Main.storyboard; sourceTree = "<group>"; };
		DE92F6231B0F11ED00D1DDD8 /* NoShowsFoundView.swift */ = {isa = PBXFileReference; fileEncoding = 4; lastKnownFileType = sourcecode.swift; path = NoShowsFoundView.swift; sourceTree = "<group>"; };
		DE92F6251B0F121000D1DDD8 /* NoShowsFoundView.xib */ = {isa = PBXFileReference; fileEncoding = 4; lastKnownFileType = file.xib; path = NoShowsFoundView.xib; sourceTree = "<group>"; };
		DE99858A1B032B7A0012FA6A /* AllShowsCVC.swift */ = {isa = PBXFileReference; fileEncoding = 4; lastKnownFileType = sourcecode.swift; path = AllShowsCVC.swift; sourceTree = "<group>"; };
		DE99858C1B032C840012FA6A /* TvShowCell.swift */ = {isa = PBXFileReference; fileEncoding = 4; lastKnownFileType = sourcecode.swift; path = TvShowCell.swift; sourceTree = "<group>"; };
		DE9BC4C81B142E7900FB4F35 /* Monsoon Widget.appex */ = {isa = PBXFileReference; explicitFileType = "wrapper.app-extension"; includeInIndex = 0; path = "Monsoon Widget.appex"; sourceTree = BUILT_PRODUCTS_DIR; };
		DE9BC4C91B142E7900FB4F35 /* NotificationCenter.framework */ = {isa = PBXFileReference; lastKnownFileType = wrapper.framework; name = NotificationCenter.framework; path = System/Library/Frameworks/NotificationCenter.framework; sourceTree = SDKROOT; };
		DE9BC4CD1B142E7900FB4F35 /* Info.plist */ = {isa = PBXFileReference; lastKnownFileType = text.plist.xml; path = Info.plist; sourceTree = "<group>"; };
		DE9BC4CE1B142E7900FB4F35 /* WatchlistTVC.swift */ = {isa = PBXFileReference; lastKnownFileType = sourcecode.swift; path = WatchlistTVC.swift; sourceTree = "<group>"; };
		DE9BC4D01B142E7900FB4F35 /* MainInterface.storyboard */ = {isa = PBXFileReference; lastKnownFileType = file.storyboard; path = MainInterface.storyboard; sourceTree = "<group>"; };
		DE9BC4D91B142E8F00FB4F35 /* Monsoon Widget.entitlements */ = {isa = PBXFileReference; lastKnownFileType = text.xml; path = "Monsoon Widget.entitlements"; sourceTree = "<group>"; };
		DEBFE78B1B076DAE00B74EAC /* Helper.swift */ = {isa = PBXFileReference; fileEncoding = 4; lastKnownFileType = sourcecode.swift; path = Helper.swift; sourceTree = "<group>"; };
		DEFCB6A61B0B1EC600018B82 /* SearchBarCell.swift */ = {isa = PBXFileReference; fileEncoding = 4; lastKnownFileType = sourcecode.swift; path = SearchBarCell.swift; sourceTree = "<group>"; };
/* End PBXFileReference section */

/* Begin PBXFrameworksBuildPhase section */
		DE5157FF1AF83647000404A1 /* Frameworks */ = {
			isa = PBXFrameworksBuildPhase;
			buildActionMask = 2147483647;
			files = (
				DE2B2DF91AF87DA5009ADD55 /* libsqlite3.dylib in Frameworks */,
				DE2B2DF71AF87D95009ADD55 /* libz.dylib in Frameworks */,
				DE2B2DF51AF87D89009ADD55 /* SystemConfiguration.framework in Frameworks */,
				DE2B2DF31AF87D7D009ADD55 /* StoreKit.framework in Frameworks */,
				DE2B2DF11AF87D6A009ADD55 /* Security.framework in Frameworks */,
				DE2B2DEF1AF87D4B009ADD55 /* QuartzCore.framework in Frameworks */,
				DE2B2DED1AF87D41009ADD55 /* MobileCoreServices.framework in Frameworks */,
				DE2B2DEB1AF87D35009ADD55 /* CoreLocation.framework in Frameworks */,
				DE2B2DE91AF87D2B009ADD55 /* CoreGraphics.framework in Frameworks */,
				DE2B2DE71AF87D22009ADD55 /* CFNetwork.framework in Frameworks */,
				DE2B2DE51AF87D18009ADD55 /* AudioToolbox.framework in Frameworks */,
				DE2B2DE21AF87BF0009ADD55 /* ParseUI.framework in Frameworks */,
				DE2B2DDE1AF87BF0009ADD55 /* Parse.framework in Frameworks */,
				DE2B2DDF1AF87BF0009ADD55 /* ParseCrashReporting.framework in Frameworks */,
				DE2B2DDD1AF87BF0009ADD55 /* Bolts.framework in Frameworks */,
			);
			runOnlyForDeploymentPostprocessing = 0;
		};
		DE5158141AF83647000404A1 /* Frameworks */ = {
			isa = PBXFrameworksBuildPhase;
			buildActionMask = 2147483647;
			files = (
			);
			runOnlyForDeploymentPostprocessing = 0;
		};
		DE9BC4C51B142E7900FB4F35 /* Frameworks */ = {
			isa = PBXFrameworksBuildPhase;
			buildActionMask = 2147483647;
			files = (
				DE3360931B145C5000909870 /* Bolts.framework in Frameworks */,
				DE3360921B145C4A00909870 /* ParseUI.framework in Frameworks */,
				DE3360941B145C5600909870 /* Parse.framework in Frameworks */,
				DE9BC4CA1B142E7900FB4F35 /* NotificationCenter.framework in Frameworks */,
			);
			runOnlyForDeploymentPostprocessing = 0;
		};
/* End PBXFrameworksBuildPhase section */

/* Begin PBXGroup section */
		DE2B2DE31AF87CD8009ADD55 /* Frameworks */ = {
			isa = PBXGroup;
			children = (
				DE2B2DF81AF87DA5009ADD55 /* libsqlite3.dylib */,
				DE2B2DF61AF87D95009ADD55 /* libz.dylib */,
				DE2B2DF41AF87D89009ADD55 /* SystemConfiguration.framework */,
				DE2B2DF21AF87D7D009ADD55 /* StoreKit.framework */,
				DE2B2DF01AF87D6A009ADD55 /* Security.framework */,
				DE2B2DEE1AF87D4B009ADD55 /* QuartzCore.framework */,
				DE2B2DEC1AF87D41009ADD55 /* MobileCoreServices.framework */,
				DE2B2DEA1AF87D35009ADD55 /* CoreLocation.framework */,
				DE2B2DE81AF87D2B009ADD55 /* CoreGraphics.framework */,
				DE2B2DE61AF87D22009ADD55 /* CFNetwork.framework */,
				DE2B2DE41AF87D18009ADD55 /* AudioToolbox.framework */,
				DE2B2DD71AF87BF0009ADD55 /* Bolts.framework */,
				DE2B2DD81AF87BF0009ADD55 /* Parse.framework */,
				DE2B2DD91AF87BF0009ADD55 /* ParseCrashReporting.framework */,
				DE2B2DDC1AF87BF0009ADD55 /* ParseUI.framework */,
				DE9BC4C91B142E7900FB4F35 /* NotificationCenter.framework */,
			);
			name = Frameworks;
			sourceTree = "<group>";
		};
		DE5157F91AF83647000404A1 = {
			isa = PBXGroup;
			children = (
				DE5158041AF83647000404A1 /* Monsoon */,
				DE9BC4CB1B142E7900FB4F35 /* Monsoon Widget */,
				DE2B2DE31AF87CD8009ADD55 /* Frameworks */,
				DE51581A1AF83647000404A1 /* MonsoonTests */,
				DE5158031AF83647000404A1 /* Products */,
			);
			sourceTree = "<group>";
		};
		DE5158031AF83647000404A1 /* Products */ = {
			isa = PBXGroup;
			children = (
				DE5158021AF83647000404A1 /* Monsoon.app */,
				DE5158171AF83647000404A1 /* MonsoonTests.xctest */,
				DE9BC4C81B142E7900FB4F35 /* Monsoon Widget.appex */,
			);
			name = Products;
			sourceTree = "<group>";
		};
		DE5158041AF83647000404A1 /* Monsoon */ = {
			isa = PBXGroup;
			children = (
				DE2B2DFA1AF8817B009ADD55 /* Monsoon.entitlements */,
				DE5158071AF83647000404A1 /* AppDelegate.swift */,
				DE5158091AF83647000404A1 /* WatchlistVC.swift */,
				DE2B2DFB1AF88AA1009ADD55 /* WatchlistCell.swift */,
				DE99858A1B032B7A0012FA6A /* AllShowsCVC.swift */,
				DE99858C1B032C840012FA6A /* TvShowCell.swift */,
				DEFCB6A61B0B1EC600018B82 /* SearchBarCell.swift */,
				DEBFE78B1B076DAE00B74EAC /* Helper.swift */,
				DE92F6231B0F11ED00D1DDD8 /* NoShowsFoundView.swift */,
				DE92F6251B0F121000D1DDD8 /* NoShowsFoundView.xib */,
				DE5221DF1B05E51D003A7BC6 /* Main.storyboard */,
				DE51580E1AF83647000404A1 /* Images.xcassets */,
				DE5158101AF83647000404A1 /* LaunchScreen.xib */,
				DE5158051AF83647000404A1 /* Supporting Files */,
			);
			path = Monsoon;
			sourceTree = "<group>";
		};
		DE5158051AF83647000404A1 /* Supporting Files */ = {
			isa = PBXGroup;
			children = (
				DE5158061AF83647000404A1 /* Info.plist */,
			);
			name = "Supporting Files";
			sourceTree = "<group>";
		};
		DE51581A1AF83647000404A1 /* MonsoonTests */ = {
			isa = PBXGroup;
			children = (
				DE51581D1AF83647000404A1 /* MonsoonTests.swift */,
				DE51581B1AF83647000404A1 /* Supporting Files */,
			);
			path = MonsoonTests;
			sourceTree = "<group>";
		};
		DE51581B1AF83647000404A1 /* Supporting Files */ = {
			isa = PBXGroup;
			children = (
				DE51581C1AF83647000404A1 /* Info.plist */,
			);
			name = "Supporting Files";
			sourceTree = "<group>";
		};
		DE9BC4CB1B142E7900FB4F35 /* Monsoon Widget */ = {
			isa = PBXGroup;
			children = (
				DE9BC4D91B142E8F00FB4F35 /* Monsoon Widget.entitlements */,
				DE9BC4CE1B142E7900FB4F35 /* WatchlistTVC.swift */,
				DE9BC4D01B142E7900FB4F35 /* MainInterface.storyboard */,
				DE9BC4CC1B142E7900FB4F35 /* Supporting Files */,
			);
			path = "Monsoon Widget";
			sourceTree = "<group>";
		};
		DE9BC4CC1B142E7900FB4F35 /* Supporting Files */ = {
			isa = PBXGroup;
			children = (
				DE9BC4CD1B142E7900FB4F35 /* Info.plist */,
			);
			name = "Supporting Files";
			sourceTree = "<group>";
		};
/* End PBXGroup section */

/* Begin PBXNativeTarget section */
		DE5158011AF83647000404A1 /* Monsoon */ = {
			isa = PBXNativeTarget;
			buildConfigurationList = DE5158211AF83647000404A1 /* Build configuration list for PBXNativeTarget "Monsoon" */;
			buildPhases = (
				DE5157FE1AF83647000404A1 /* Sources */,
				DE5157FF1AF83647000404A1 /* Frameworks */,
				DE5158001AF83647000404A1 /* Resources */,
				DE9BC4D81B142E7900FB4F35 /* Embed App Extensions */,
			);
			buildRules = (
			);
			dependencies = (
				DE9BC4D31B142E7900FB4F35 /* PBXTargetDependency */,
			);
			name = Monsoon;
			productName = Monsoon;
			productReference = DE5158021AF83647000404A1 /* Monsoon.app */;
			productType = "com.apple.product-type.application";
		};
		DE5158161AF83647000404A1 /* MonsoonTests */ = {
			isa = PBXNativeTarget;
			buildConfigurationList = DE5158241AF83647000404A1 /* Build configuration list for PBXNativeTarget "MonsoonTests" */;
			buildPhases = (
				DE5158131AF83647000404A1 /* Sources */,
				DE5158141AF83647000404A1 /* Frameworks */,
				DE5158151AF83647000404A1 /* Resources */,
			);
			buildRules = (
			);
			dependencies = (
				DE5158191AF83647000404A1 /* PBXTargetDependency */,
			);
			name = MonsoonTests;
			productName = MonsoonTests;
			productReference = DE5158171AF83647000404A1 /* MonsoonTests.xctest */;
			productType = "com.apple.product-type.bundle.unit-test";
		};
		DE9BC4C71B142E7900FB4F35 /* Monsoon Widget */ = {
			isa = PBXNativeTarget;
			buildConfigurationList = DE9BC4D71B142E7900FB4F35 /* Build configuration list for PBXNativeTarget "Monsoon Widget" */;
			buildPhases = (
				DE9BC4C41B142E7900FB4F35 /* Sources */,
				DE9BC4C51B142E7900FB4F35 /* Frameworks */,
				DE9BC4C61B142E7900FB4F35 /* Resources */,
			);
			buildRules = (
			);
			dependencies = (
			);
			name = "Monsoon Widget";
			productName = "Monsoon Widget";
			productReference = DE9BC4C81B142E7900FB4F35 /* Monsoon Widget.appex */;
			productType = "com.apple.product-type.app-extension";
		};
/* End PBXNativeTarget section */

/* Begin PBXProject section */
		DE5157FA1AF83647000404A1 /* Project object */ = {
			isa = PBXProject;
			attributes = {
				LastUpgradeCheck = 0630;
				ORGANIZATIONNAME = "Bardan Gauchan";
				TargetAttributes = {
					DE5158011AF83647000404A1 = {
						CreatedOnToolsVersion = 6.3.1;
						DevelopmentTeam = 3R3T8L6XWF;
						SystemCapabilities = {
							com.apple.ApplicationGroups.iOS = {
								enabled = 1;
							};
						};
					};
					DE5158161AF83647000404A1 = {
						CreatedOnToolsVersion = 6.3.1;
						TestTargetID = DE5158011AF83647000404A1;
					};
					DE9BC4C71B142E7900FB4F35 = {
						CreatedOnToolsVersion = 6.3.2;
						DevelopmentTeam = 3R3T8L6XWF;
						SystemCapabilities = {
							com.apple.ApplicationGroups.iOS = {
								enabled = 1;
							};
						};
					};
				};
			};
			buildConfigurationList = DE5157FD1AF83647000404A1 /* Build configuration list for PBXProject "Monsoon" */;
			compatibilityVersion = "Xcode 3.2";
			developmentRegion = English;
			hasScannedForEncodings = 0;
			knownRegions = (
				en,
				Base,
			);
			mainGroup = DE5157F91AF83647000404A1;
			productRefGroup = DE5158031AF83647000404A1 /* Products */;
			projectDirPath = "";
			projectRoot = "";
			targets = (
				DE5158011AF83647000404A1 /* Monsoon */,
				DE5158161AF83647000404A1 /* MonsoonTests */,
				DE9BC4C71B142E7900FB4F35 /* Monsoon Widget */,
			);
		};
/* End PBXProject section */

/* Begin PBXResourcesBuildPhase section */
		DE5158001AF83647000404A1 /* Resources */ = {
			isa = PBXResourcesBuildPhase;
			buildActionMask = 2147483647;
			files = (
				DE5221E11B05E51D003A7BC6 /* Main.storyboard in Resources */,
				DE92F6261B0F121000D1DDD8 /* NoShowsFoundView.xib in Resources */,
				DE5158121AF83647000404A1 /* LaunchScreen.xib in Resources */,
				DE51580F1AF83647000404A1 /* Images.xcassets in Resources */,
			);
			runOnlyForDeploymentPostprocessing = 0;
		};
		DE5158151AF83647000404A1 /* Resources */ = {
			isa = PBXResourcesBuildPhase;
			buildActionMask = 2147483647;
			files = (
			);
			runOnlyForDeploymentPostprocessing = 0;
		};
		DE9BC4C61B142E7900FB4F35 /* Resources */ = {
			isa = PBXResourcesBuildPhase;
			buildActionMask = 2147483647;
			files = (
				DE9BC4D11B142E7900FB4F35 /* MainInterface.storyboard in Resources */,
			);
			runOnlyForDeploymentPostprocessing = 0;
		};
/* End PBXResourcesBuildPhase section */

/* Begin PBXSourcesBuildPhase section */
		DE5157FE1AF83647000404A1 /* Sources */ = {
			isa = PBXSourcesBuildPhase;
			buildActionMask = 2147483647;
			files = (
				DEFCB6A71B0B1EC600018B82 /* SearchBarCell.swift in Sources */,
				DE92F6241B0F11ED00D1DDD8 /* NoShowsFoundView.swift in Sources */,
				DE51580A1AF83647000404A1 /* WatchlistVC.swift in Sources */,
				DE99858B1B032B7A0012FA6A /* AllShowsCVC.swift in Sources */,
				DEBFE78C1B076DAE00B74EAC /* Helper.swift in Sources */,
				DE99858D1B032C840012FA6A /* TvShowCell.swift in Sources */,
				DE2B2DFC1AF88AA1009ADD55 /* WatchlistCell.swift in Sources */,
				DE5158081AF83647000404A1 /* AppDelegate.swift in Sources */,
			);
			runOnlyForDeploymentPostprocessing = 0;
		};
		DE5158131AF83647000404A1 /* Sources */ = {
			isa = PBXSourcesBuildPhase;
			buildActionMask = 2147483647;
			files = (
				DE51581E1AF83647000404A1 /* MonsoonTests.swift in Sources */,
			);
			runOnlyForDeploymentPostprocessing = 0;
		};
		DE9BC4C41B142E7900FB4F35 /* Sources */ = {
			isa = PBXSourcesBuildPhase;
			buildActionMask = 2147483647;
			files = (
				DE9BC4CF1B142E7900FB4F35 /* WatchlistTVC.swift in Sources */,
				DE3360911B145C4200909870 /* WatchlistCell.swift in Sources */,
			);
			runOnlyForDeploymentPostprocessing = 0;
		};
/* End PBXSourcesBuildPhase section */

/* Begin PBXTargetDependency section */
		DE5158191AF83647000404A1 /* PBXTargetDependency */ = {
			isa = PBXTargetDependency;
			target = DE5158011AF83647000404A1 /* Monsoon */;
			targetProxy = DE5158181AF83647000404A1 /* PBXContainerItemProxy */;
		};
		DE9BC4D31B142E7900FB4F35 /* PBXTargetDependency */ = {
			isa = PBXTargetDependency;
			target = DE9BC4C71B142E7900FB4F35 /* Monsoon Widget */;
			targetProxy = DE9BC4D21B142E7900FB4F35 /* PBXContainerItemProxy */;
		};
/* End PBXTargetDependency section */

/* Begin PBXVariantGroup section */
		DE5158101AF83647000404A1 /* LaunchScreen.xib */ = {
			isa = PBXVariantGroup;
			children = (
				DE5158111AF83647000404A1 /* Base */,
			);
			name = LaunchScreen.xib;
			sourceTree = "<group>";
		};
		DE5221DF1B05E51D003A7BC6 /* Main.storyboard */ = {
			isa = PBXVariantGroup;
			children = (
				DE5221E01B05E51D003A7BC6 /* Base */,
			);
			name = Main.storyboard;
			path = ..;
			sourceTree = "<group>";
		};
/* End PBXVariantGroup section */

/* Begin XCBuildConfiguration section */
		DE51581F1AF83647000404A1 /* Debug */ = {
			isa = XCBuildConfiguration;
			buildSettings = {
				ALWAYS_SEARCH_USER_PATHS = NO;
				CLANG_CXX_LANGUAGE_STANDARD = "gnu++0x";
				CLANG_CXX_LIBRARY = "libc++";
				CLANG_ENABLE_MODULES = YES;
				CLANG_ENABLE_OBJC_ARC = YES;
				CLANG_WARN_BOOL_CONVERSION = YES;
				CLANG_WARN_CONSTANT_CONVERSION = YES;
				CLANG_WARN_DIRECT_OBJC_ISA_USAGE = YES_ERROR;
				CLANG_WARN_EMPTY_BODY = YES;
				CLANG_WARN_ENUM_CONVERSION = YES;
				CLANG_WARN_INT_CONVERSION = YES;
				CLANG_WARN_OBJC_ROOT_CLASS = YES_ERROR;
				CLANG_WARN_UNREACHABLE_CODE = YES;
				CLANG_WARN__DUPLICATE_METHOD_MATCH = YES;
				"CODE_SIGN_IDENTITY[sdk=iphoneos*]" = "iPhone Developer";
				COPY_PHASE_STRIP = NO;
				DEBUG_INFORMATION_FORMAT = "dwarf-with-dsym";
				ENABLE_STRICT_OBJC_MSGSEND = YES;
				GCC_C_LANGUAGE_STANDARD = gnu99;
				GCC_DYNAMIC_NO_PIC = NO;
				GCC_NO_COMMON_BLOCKS = YES;
				GCC_OPTIMIZATION_LEVEL = 0;
				GCC_PREPROCESSOR_DEFINITIONS = (
					"DEBUG=1",
					"$(inherited)",
				);
				GCC_SYMBOLS_PRIVATE_EXTERN = NO;
				GCC_WARN_64_TO_32_BIT_CONVERSION = YES;
				GCC_WARN_ABOUT_RETURN_TYPE = YES_ERROR;
				GCC_WARN_UNDECLARED_SELECTOR = YES;
				GCC_WARN_UNINITIALIZED_AUTOS = YES_AGGRESSIVE;
				GCC_WARN_UNUSED_FUNCTION = YES;
				GCC_WARN_UNUSED_VARIABLE = YES;
				IPHONEOS_DEPLOYMENT_TARGET = 8.3;
				MTL_ENABLE_DEBUG_INFO = YES;
				ONLY_ACTIVE_ARCH = YES;
				SDKROOT = iphoneos;
				SWIFT_OPTIMIZATION_LEVEL = "-Onone";
			};
			name = Debug;
		};
		DE5158201AF83647000404A1 /* Release */ = {
			isa = XCBuildConfiguration;
			buildSettings = {
				ALWAYS_SEARCH_USER_PATHS = NO;
				CLANG_CXX_LANGUAGE_STANDARD = "gnu++0x";
				CLANG_CXX_LIBRARY = "libc++";
				CLANG_ENABLE_MODULES = YES;
				CLANG_ENABLE_OBJC_ARC = YES;
				CLANG_WARN_BOOL_CONVERSION = YES;
				CLANG_WARN_CONSTANT_CONVERSION = YES;
				CLANG_WARN_DIRECT_OBJC_ISA_USAGE = YES_ERROR;
				CLANG_WARN_EMPTY_BODY = YES;
				CLANG_WARN_ENUM_CONVERSION = YES;
				CLANG_WARN_INT_CONVERSION = YES;
				CLANG_WARN_OBJC_ROOT_CLASS = YES_ERROR;
				CLANG_WARN_UNREACHABLE_CODE = YES;
				CLANG_WARN__DUPLICATE_METHOD_MATCH = YES;
				"CODE_SIGN_IDENTITY[sdk=iphoneos*]" = "iPhone Developer";
				COPY_PHASE_STRIP = NO;
				DEBUG_INFORMATION_FORMAT = "dwarf-with-dsym";
				ENABLE_NS_ASSERTIONS = NO;
				ENABLE_STRICT_OBJC_MSGSEND = YES;
				GCC_C_LANGUAGE_STANDARD = gnu99;
				GCC_NO_COMMON_BLOCKS = YES;
				GCC_WARN_64_TO_32_BIT_CONVERSION = YES;
				GCC_WARN_ABOUT_RETURN_TYPE = YES_ERROR;
				GCC_WARN_UNDECLARED_SELECTOR = YES;
				GCC_WARN_UNINITIALIZED_AUTOS = YES_AGGRESSIVE;
				GCC_WARN_UNUSED_FUNCTION = YES;
				GCC_WARN_UNUSED_VARIABLE = YES;
				IPHONEOS_DEPLOYMENT_TARGET = 8.3;
				MTL_ENABLE_DEBUG_INFO = NO;
				SDKROOT = iphoneos;
				VALIDATE_PRODUCT = YES;
			};
			name = Release;
		};
		DE5158221AF83647000404A1 /* Debug */ = {
			isa = XCBuildConfiguration;
			buildSettings = {
				ASSETCATALOG_COMPILER_APPICON_NAME = AppIcon;
				CODE_SIGN_ENTITLEMENTS = Monsoon/Monsoon.entitlements;
				CODE_SIGN_IDENTITY = "iPhone Developer";
				"CODE_SIGN_IDENTITY[sdk=iphoneos*]" = "iPhone Developer";
				FRAMEWORK_SEARCH_PATHS = (
					"$(inherited)",
					"$(PROJECT_DIR)",
				);
				INFOPLIST_FILE = Monsoon/Info.plist;
				LD_RUNPATH_SEARCH_PATHS = "$(inherited) @executable_path/Frameworks";
				PRODUCT_NAME = "$(TARGET_NAME)";
				PROVISIONING_PROFILE = "";
			};
			name = Debug;
		};
		DE5158231AF83647000404A1 /* Release */ = {
			isa = XCBuildConfiguration;
			buildSettings = {
				ASSETCATALOG_COMPILER_APPICON_NAME = AppIcon;
				CODE_SIGN_ENTITLEMENTS = Monsoon/Monsoon.entitlements;
				CODE_SIGN_IDENTITY = "iPhone Developer";
				"CODE_SIGN_IDENTITY[sdk=iphoneos*]" = "iPhone Developer";
				FRAMEWORK_SEARCH_PATHS = (
					"$(inherited)",
					"$(PROJECT_DIR)",
				);
				INFOPLIST_FILE = Monsoon/Info.plist;
				LD_RUNPATH_SEARCH_PATHS = "$(inherited) @executable_path/Frameworks";
				PRODUCT_NAME = "$(TARGET_NAME)";
				PROVISIONING_PROFILE = "";
			};
			name = Release;
		};
		DE5158251AF83647000404A1 /* Debug */ = {
			isa = XCBuildConfiguration;
			buildSettings = {
				BUNDLE_LOADER = "$(TEST_HOST)";
				FRAMEWORK_SEARCH_PATHS = (
					"$(SDKROOT)/Developer/Library/Frameworks",
					"$(inherited)",
				);
				GCC_PREPROCESSOR_DEFINITIONS = (
					"DEBUG=1",
					"$(inherited)",
				);
				INFOPLIST_FILE = MonsoonTests/Info.plist;
				LD_RUNPATH_SEARCH_PATHS = "$(inherited) @executable_path/Frameworks @loader_path/Frameworks";
				PRODUCT_NAME = "$(TARGET_NAME)";
				TEST_HOST = "$(BUILT_PRODUCTS_DIR)/Monsoon.app/Monsoon";
			};
			name = Debug;
		};
		DE5158261AF83647000404A1 /* Release */ = {
			isa = XCBuildConfiguration;
			buildSettings = {
				BUNDLE_LOADER = "$(TEST_HOST)";
				FRAMEWORK_SEARCH_PATHS = (
					"$(SDKROOT)/Developer/Library/Frameworks",
					"$(inherited)",
				);
				INFOPLIST_FILE = MonsoonTests/Info.plist;
				LD_RUNPATH_SEARCH_PATHS = "$(inherited) @executable_path/Frameworks @loader_path/Frameworks";
				PRODUCT_NAME = "$(TARGET_NAME)";
				TEST_HOST = "$(BUILT_PRODUCTS_DIR)/Monsoon.app/Monsoon";
			};
			name = Release;
		};
		DE9BC4D51B142E7900FB4F35 /* Debug */ = {
			isa = XCBuildConfiguration;
			buildSettings = {
				CODE_SIGN_ENTITLEMENTS = "Monsoon Widget/Monsoon Widget.entitlements";
				CODE_SIGN_IDENTITY = "iPhone Developer";
				"CODE_SIGN_IDENTITY[sdk=iphoneos*]" = "iPhone Developer";
				FRAMEWORK_SEARCH_PATHS = (
					"$(inherited)",
					"$(PROJECT_DIR)",
				);
				GCC_PREPROCESSOR_DEFINITIONS = (
					"DEBUG=1",
					"$(inherited)",
				);
				INFOPLIST_FILE = "Monsoon Widget/Info.plist";
				LD_RUNPATH_SEARCH_PATHS = "$(inherited) @executable_path/Frameworks @executable_path/../../Frameworks";
				PRODUCT_NAME = "$(TARGET_NAME)";
				PROVISIONING_PROFILE = "";
				SKIP_INSTALL = YES;
			};
			name = Debug;
		};
		DE9BC4D61B142E7900FB4F35 /* Release */ = {
			isa = XCBuildConfiguration;
			buildSettings = {
				CODE_SIGN_ENTITLEMENTS = "Monsoon Widget/Monsoon Widget.entitlements";
				CODE_SIGN_IDENTITY = "iPhone Developer";
				"CODE_SIGN_IDENTITY[sdk=iphoneos*]" = "iPhone Developer";
				FRAMEWORK_SEARCH_PATHS = (
					"$(inherited)",
					"$(PROJECT_DIR)",
				);
				INFOPLIST_FILE = "Monsoon Widget/Info.plist";
				LD_RUNPATH_SEARCH_PATHS = "$(inherited) @executable_path/Frameworks @executable_path/../../Frameworks";
				PRODUCT_NAME = "$(TARGET_NAME)";
				PROVISIONING_PROFILE = "";
				SKIP_INSTALL = YES;
			};
			name = Release;
		};
/* End XCBuildConfiguration section */

/* Begin XCConfigurationList section */
		DE5157FD1AF83647000404A1 /* Build configuration list for PBXProject "Monsoon" */ = {
			isa = XCConfigurationList;
			buildConfigurations = (
				DE51581F1AF83647000404A1 /* Debug */,
				DE5158201AF83647000404A1 /* Release */,
			);
			defaultConfigurationIsVisible = 0;
			defaultConfigurationName = Release;
		};
		DE5158211AF83647000404A1 /* Build configuration list for PBXNativeTarget "Monsoon" */ = {
			isa = XCConfigurationList;
			buildConfigurations = (
				DE5158221AF83647000404A1 /* Debug */,
				DE5158231AF83647000404A1 /* Release */,
			);
			defaultConfigurationIsVisible = 0;
			defaultConfigurationName = Release;
		};
		DE5158241AF83647000404A1 /* Build configuration list for PBXNativeTarget "MonsoonTests" */ = {
			isa = XCConfigurationList;
			buildConfigurations = (
				DE5158251AF83647000404A1 /* Debug */,
				DE5158261AF83647000404A1 /* Release */,
			);
			defaultConfigurationIsVisible = 0;
			defaultConfigurationName = Release;
		};
		DE9BC4D71B142E7900FB4F35 /* Build configuration list for PBXNativeTarget "Monsoon Widget" */ = {
			isa = XCConfigurationList;
			buildConfigurations = (
				DE9BC4D51B142E7900FB4F35 /* Debug */,
				DE9BC4D61B142E7900FB4F35 /* Release */,
			);
			defaultConfigurationIsVisible = 0;
			defaultConfigurationName = Release;
		};
/* End XCConfigurationList section */
	};
	rootObject = DE5157FA1AF83647000404A1 /* Project object */;
}
